
Microsoft Visual Studio Solution File, Format Version 12.00
# Visual Studio 15
VisualStudioVersion = 15.0.27004.2006
MinimumVisualStudioVersion = 10.0.40219.1
Project("{FAE04EC0-301F-11D3-BF4B-00C04F79EFBC}") = "NetCryptUnpacker", "NetCryptUnpacker\NetCryptUnpacker.csproj", "{37AA5EB9-E6F1-4245-A061-40B5C6C163D7}"
EndProject
Project("{FAE04EC0-301F-11D3-BF4B-00C04F79EFBC}") = "dnlib", "..\ILUnpacker\dnlib-master\src\dnlib.csproj", "{D5B58A46-C9A2-4623-8A60-9E7D25D01FFB}"
EndProject
Global
	GlobalSection(SolutionConfigurationPlatforms) = preSolution
		Debug|Any CPU = Debug|Any CPU
		Release|Any CPU = Release|Any CPU
	EndGlobalSection
	GlobalSection(ProjectConfigurationPlatforms) = postSolution
		{37AA5EB9-E6F1-4245-A061-40B5C6C163D7}.Debug|Any CPU.ActiveCfg = Debug|Any CPU
		{37AA5EB9-E6F1-4245-A061-40B5C6C163D7}.Debug|Any CPU.Build.0 = Debug|Any CPU
		{37AA5EB9-E6F1-4245-A061-40B5C6C163D7}.Release|Any CPU.ActiveCfg = Release|Any CPU
		{37AA5EB9-E6F1-4245-A061-40B5C6C163D7}.Release|Any CPU.Build.0 = Release|Any CPU
		{D5B58A46-C9A2-4623-8A60-9E7D25D01FFB}.Debug|Any CPU.ActiveCfg = Debug|Any CPU
		{D5B58A46-C9A2-4623-8A60-9E7D25D01FFB}.Debug|Any CPU.Build.0 = Debug|Any CPU
		{D5B58A46-C9A2-4623-8A60-9E7D25D01FFB}.Release|Any CPU.ActiveCfg = Release|Any CPU
		{D5B58A46-C9A2-4623-8A60-9E7D25D01FFB}.Release|Any CPU.Build.0 = Release|Any CPU
	EndGlobalSection
	GlobalSection(SolutionProperties) = preSolution
		HideSolutionNode = FALSE
	EndGlobalSection
	GlobalSection(ExtensibilityGlobals) = postSolution
		SolutionGuid = {6A35DF04-D258-40D4-8E34-0F36E62FDAA5}
	EndGlobalSection
EndGlobal
